[[package]]
name = "pil-compat"
version = "1.0.0"
description = "Compatibility modules, bridging PIL -> Pillow"
category = "main"
optional = false
python-versions = "*"

[package.dependencies]
pillow = "*"

[[package]]
name = "pillow"
version = "9.2.0"
description = "Python Imaging Library (Fork)"
category = "main"
optional = false
python-versions = ">=3.7"

[package.extras]
tests = ["pytest-timeout", "pytest-cov", "pytest", "pyroma", "packaging", "olefile", "markdown2", "defusedxml", "coverage", "check-manifest"]
docs = ["sphinxext-opengraph", "sphinx-removed-in", "sphinx-issues (>=3.0.1)", "sphinx-copybutton", "sphinx (>=2.4)", "olefile", "furo"]

[metadata]
lock-version = "1.1"
python-versions = "^3.8"
content-hash = "09118897406dff5dae43de224f7190379b39e200d8cbed5d22cc3dff2790d9eb"

[metadata.files]
pil-compat = []
pillow = []
